
Microsoft Visual Studio Solution File, Format Version 12.00
# Visual Studio Version 17
VisualStudioVersion = 17.1.32228.430
MinimumVisualStudioVersion = 10.0.40219.1
Project("{2150E333-8FDC-42A3-9474-1A3956D46DE8}") = "Apps", "Apps", "{ED482236-7A23-4CAB-8D87-3685B8590940}"
EndProject
Project("{2150E333-8FDC-42A3-9474-1A3956D46DE8}") = "Stock_Movement_App", "Stock_Movement_App", "{0EBF87D7-CD40-4BE0-A4A2-416774AEB5FD}"
EndProject
Project("{2150E333-8FDC-42A3-9474-1A3956D46DE8}") = "Api", "Api", "{F68FA559-3BC3-4734-8E2F-6033B72E8CC3}"
EndProject
Project("{2150E333-8FDC-42A3-9474-1A3956D46DE8}") = "Domain", "Domain", "{E771ED0F-A0FB-43E1-932E-5D7BCF8FE923}"
EndProject
Project("{2150E333-8FDC-42A3-9474-1A3956D46DE8}") = "Application", "Application", "{43C4471D-2679-4C4F-B2CC-F897A79B14AA}"
EndProject
Project("{9A19103F-16F7-4668-BE54-9A1E7A4F7556}") = "Stock_Movement_Api", "Stock_Movement_Api\Stock_Movement_Api.csproj", "{8846823F-1B1D-4176-AC6D-388B5AF5FC85}"
EndProject
Project("{9A19103F-16F7-4668-BE54-9A1E7A4F7556}") = "StockMovement_Application", "StockMovement_Application\StockMovement_Application.csproj", "{3342DC1C-19A6-4C9D-A897-77A0C189F027}"
EndProject
Project("{9A19103F-16F7-4668-BE54-9A1E7A4F7556}") = "StockMovement_Domain", "StockMovement_Data\StockMovement_Domain.csproj", "{1152D853-E6E7-463E-9702-E785C10BF1A0}"
EndProject
Project("{2150E333-8FDC-42A3-9474-1A3956D46DE8}") = "Data", "Data", "{BA2C0871-0DFE-4DB4-ABDF-079484F162F4}"
EndProject
Project("{9A19103F-16F7-4668-BE54-9A1E7A4F7556}") = "StockMovementData", "StockMovementData\StockMovementData.csproj", "{3E5058BD-349E-40E4-8E01-AA67F7D4F4AF}"
EndProject
Project("{2150E333-8FDC-42A3-9474-1A3956D46DE8}") = "RabbitMQ", "RabbitMQ", "{ED5CF118-9246-4B9D-9F8F-228CB8CE4951}"
EndProject
Project("{9A19103F-16F7-4668-BE54-9A1E7A4F7556}") = "StockRabbitMQPublisher", "StockRabbitMQPublisher\StockRabbitMQPublisher.csproj", "{CDBA5E4A-D421-49C2-B26D-CBB39FA0ABA1}"
EndProject
Project("{E53339B2-1760-4266-BCC7-CA923CBCF16C}") = "docker-compose", "docker-compose.dcproj", "{9C9B6819-5A17-41A0-8210-EDE8BBA6E317}"
EndProject
Project("{9A19103F-16F7-4668-BE54-9A1E7A4F7556}") = "RabbitMessageConsume", "RabbitMessageConsume\RabbitMessageConsume.csproj", "{0AEF47F3-E892-4C6C-A55D-C3E25F85EEAE}"
EndProject
Project("{2150E333-8FDC-42A3-9474-1A3956D46DE8}") = "Tests", "Tests", "{2AE205ED-0375-4CBF-9E78-BE9C93A336D9}"
EndProject
Project("{FAE04EC0-301F-11D3-BF4B-00C04F79EFBC}") = "StockMovementsTests", "StockMovementsTests\StockMovementsTests.csproj", "{A84BE4DE-C59A-4825-86B7-7CC18C5A743B}"
EndProject
Global
	GlobalSection(SolutionConfigurationPlatforms) = preSolution
		Debug|Any CPU = Debug|Any CPU
		Release|Any CPU = Release|Any CPU
	EndGlobalSection
	GlobalSection(ProjectConfigurationPlatforms) = postSolution
		{8846823F-1B1D-4176-AC6D-388B5AF5FC85}.Debug|Any CPU.ActiveCfg = Debug|Any CPU
		{8846823F-1B1D-4176-AC6D-388B5AF5FC85}.Debug|Any CPU.Build.0 = Debug|Any CPU
		{8846823F-1B1D-4176-AC6D-388B5AF5FC85}.Release|Any CPU.ActiveCfg = Release|Any CPU
		{8846823F-1B1D-4176-AC6D-388B5AF5FC85}.Release|Any CPU.Build.0 = Release|Any CPU
		{3342DC1C-19A6-4C9D-A897-77A0C189F027}.Debug|Any CPU.ActiveCfg = Debug|Any CPU
		{3342DC1C-19A6-4C9D-A897-77A0C189F027}.Debug|Any CPU.Build.0 = Debug|Any CPU
		{3342DC1C-19A6-4C9D-A897-77A0C189F027}.Release|Any CPU.ActiveCfg = Release|Any CPU
		{3342DC1C-19A6-4C9D-A897-77A0C189F027}.Release|Any CPU.Build.0 = Release|Any CPU
		{1152D853-E6E7-463E-9702-E785C10BF1A0}.Debug|Any CPU.ActiveCfg = Debug|Any CPU
		{1152D853-E6E7-463E-9702-E785C10BF1A0}.Debug|Any CPU.Build.0 = Debug|Any CPU
		{1152D853-E6E7-463E-9702-E785C10BF1A0}.Release|Any CPU.ActiveCfg = Release|Any CPU
		{1152D853-E6E7-463E-9702-E785C10BF1A0}.Release|Any CPU.Build.0 = Release|Any CPU
		{3E5058BD-349E-40E4-8E01-AA67F7D4F4AF}.Debug|Any CPU.ActiveCfg = Debug|Any CPU
		{3E5058BD-349E-40E4-8E01-AA67F7D4F4AF}.Debug|Any CPU.Build.0 = Debug|Any CPU
		{3E5058BD-349E-40E4-8E01-AA67F7D4F4AF}.Release|Any CPU.ActiveCfg = Release|Any CPU
		{3E5058BD-349E-40E4-8E01-AA67F7D4F4AF}.Release|Any CPU.Build.0 = Release|Any CPU
		{CDBA5E4A-D421-49C2-B26D-CBB39FA0ABA1}.Debug|Any CPU.ActiveCfg = Debug|Any CPU
		{CDBA5E4A-D421-49C2-B26D-CBB39FA0ABA1}.Debug|Any CPU.Build.0 = Debug|Any CPU
		{CDBA5E4A-D421-49C2-B26D-CBB39FA0ABA1}.Release|Any CPU.ActiveCfg = Release|Any CPU
		{CDBA5E4A-D421-49C2-B26D-CBB39FA0ABA1}.Release|Any CPU.Build.0 = Release|Any CPU
		{9C9B6819-5A17-41A0-8210-EDE8BBA6E317}.Debug|Any CPU.ActiveCfg = Debug|Any CPU
		{9C9B6819-5A17-41A0-8210-EDE8BBA6E317}.Debug|Any CPU.Build.0 = Debug|Any CPU
		{9C9B6819-5A17-41A0-8210-EDE8BBA6E317}.Release|Any CPU.ActiveCfg = Release|Any CPU
		{9C9B6819-5A17-41A0-8210-EDE8BBA6E317}.Release|Any CPU.Build.0 = Release|Any CPU
		{0AEF47F3-E892-4C6C-A55D-C3E25F85EEAE}.Debug|Any CPU.ActiveCfg = Debug|Any CPU
		{0AEF47F3-E892-4C6C-A55D-C3E25F85EEAE}.Debug|Any CPU.Build.0 = Debug|Any CPU
		{0AEF47F3-E892-4C6C-A55D-C3E25F85EEAE}.Release|Any CPU.ActiveCfg = Release|Any CPU
		{0AEF47F3-E892-4C6C-A55D-C3E25F85EEAE}.Release|Any CPU.Build.0 = Release|Any CPU
		{A84BE4DE-C59A-4825-86B7-7CC18C5A743B}.Debug|Any CPU.ActiveCfg = Debug|Any CPU
		{A84BE4DE-C59A-4825-86B7-7CC18C5A743B}.Debug|Any CPU.Build.0 = Debug|Any CPU
		{A84BE4DE-C59A-4825-86B7-7CC18C5A743B}.Release|Any CPU.ActiveCfg = Release|Any CPU
		{A84BE4DE-C59A-4825-86B7-7CC18C5A743B}.Release|Any CPU.Build.0 = Release|Any CPU
	EndGlobalSection
	GlobalSection(SolutionProperties) = preSolution
		HideSolutionNode = FALSE
	EndGlobalSection
	GlobalSection(NestedProjects) = preSolution
		{0EBF87D7-CD40-4BE0-A4A2-416774AEB5FD} = {ED482236-7A23-4CAB-8D87-3685B8590940}
		{F68FA559-3BC3-4734-8E2F-6033B72E8CC3} = {0EBF87D7-CD40-4BE0-A4A2-416774AEB5FD}
		{E771ED0F-A0FB-43E1-932E-5D7BCF8FE923} = {0EBF87D7-CD40-4BE0-A4A2-416774AEB5FD}
		{43C4471D-2679-4C4F-B2CC-F897A79B14AA} = {0EBF87D7-CD40-4BE0-A4A2-416774AEB5FD}
		{8846823F-1B1D-4176-AC6D-388B5AF5FC85} = {F68FA559-3BC3-4734-8E2F-6033B72E8CC3}
		{3342DC1C-19A6-4C9D-A897-77A0C189F027} = {43C4471D-2679-4C4F-B2CC-F897A79B14AA}
		{1152D853-E6E7-463E-9702-E785C10BF1A0} = {E771ED0F-A0FB-43E1-932E-5D7BCF8FE923}
		{BA2C0871-0DFE-4DB4-ABDF-079484F162F4} = {0EBF87D7-CD40-4BE0-A4A2-416774AEB5FD}
		{3E5058BD-349E-40E4-8E01-AA67F7D4F4AF} = {BA2C0871-0DFE-4DB4-ABDF-079484F162F4}
		{ED5CF118-9246-4B9D-9F8F-228CB8CE4951} = {ED482236-7A23-4CAB-8D87-3685B8590940}
		{CDBA5E4A-D421-49C2-B26D-CBB39FA0ABA1} = {ED5CF118-9246-4B9D-9F8F-228CB8CE4951}
		{0AEF47F3-E892-4C6C-A55D-C3E25F85EEAE} = {ED5CF118-9246-4B9D-9F8F-228CB8CE4951}
		{2AE205ED-0375-4CBF-9E78-BE9C93A336D9} = {ED482236-7A23-4CAB-8D87-3685B8590940}
		{A84BE4DE-C59A-4825-86B7-7CC18C5A743B} = {2AE205ED-0375-4CBF-9E78-BE9C93A336D9}
	EndGlobalSection
	GlobalSection(ExtensibilityGlobals) = postSolution
		SolutionGuid = {B9845A6E-3A94-41E7-82ED-C6667B6C6207}
	EndGlobalSection
EndGlobal
